{
  "name": "@angular-challenges/custom-plugin",
  "version": "0.0.1",
  "lockfileVersion": 3,
  "requires": true,
  "packages": {
    "": {
      "name": "@angular-challenges/custom-plugin",
      "version": "0.0.1",
      "dependencies": {
        "@angular-challenges/custom-plugin": "file:"
      }
    },
    "node_modules/@angular-challenges/custom-plugin": {
      "resolved": "",
      "link": true
    }
  }
}
